version = 1
revision = 3
requires-python = ">=3.11"

[[package]]
name = "agent-dataset"
version = "0.1.0"
source = { virtual = "." }
dependencies = [
    { name = "opendataloader-pdf" },
]

[package.metadata]
requires-dist = [{ name = "opendataloader-pdf", specifier = "==2.4.7" }]

[[package]]
name = "opendataloader-pdf"
version = "2.4.7"
source = { registry = "https://pypi.org/simple" }
sdist = { url = "https://files.pythonhosted.org/packages/1d/5a/98cd2079f2828f7886ee447eae21ee60a858930596aebcc8d275a1fe2b12/opendataloader_pdf-2.4.7.tar.gz", hash = "sha256:a16e995f2f526d706045218d9e359a31f50371a0bc0e3bb1bc15abb467c08fb7", size = 22554865, upload-time = "2026-05-27T10:04:54.285Z" }
wheels = [
    { url = "https://files.pythonhosted.org/packages/b7/14/f897eabf04eab4e6a40dce9214d921558165f3eaed68335892a5b1a004d0/opendataloader_pdf-2.4.7-py3-none-any.whl", hash = "sha256:1c359183650f4c012875010c156f13b6d3477b00762b8e3fbd8479fa03feb628", size = 22568934, upload-time = "2026-05-27T10:04:49.902Z" },
]
